// !$*UTF8*$!
{
	archiveVersion = 1;
	classes = {
	};
	objectVersion = 51;
	objects = {

/* Begin PBXBuildFile section */
		042E34542622870400C16C82 /* Section.swift in Sources */ = {isa = PBXBuildFile; fileRef = 042E344E2622870400C16C82 /* Section.swift */; };
		042E34552622870400C16C82 /* Model.swift in Sources */ = {isa = PBXBuildFile; fileRef = 042E344F2622870400C16C82 /* Model.swift */; };
		042E34562622870400C16C82 /* ViewController.swift in Sources */ = {isa = PBXBuildFile; fileRef = 042E34512622870400C16C82 /* ViewController.swift */; };
		042E34592622877000C16C82 /* AnimatedDataSource.swift in Sources */ = {isa = PBXBuildFile; fileRef = 042E34582622877000C16C82 /* AnimatedDataSource.swift */; };
		042E346026228A1000C16C82 /* ViewModel.swift in Sources */ = {isa = PBXBuildFile; fileRef = 042E345F26228A1000C16C82 /* ViewModel.swift */; };
		042E346726228C1500C16C82 /* TableViewEditingCommand.swift in Sources */ = {isa = PBXBuildFile; fileRef = 042E346626228C1500C16C82 /* TableViewEditingCommand.swift */; };
		042E346A26228C5800C16C82 /* TableViewState.swift in Sources */ = {isa = PBXBuildFile; fileRef = 042E346926228C5800C16C82 /* TableViewState.swift */; };
		044C0C1126211DE600E78AC6 /* AppDelegate.swift in Sources */ = {isa = PBXBuildFile; fileRef = 044C0C1026211DE600E78AC6 /* AppDelegate.swift */; };
		044C0C1326211DE600E78AC6 /* SceneDelegate.swift in Sources */ = {isa = PBXBuildFile; fileRef = 044C0C1226211DE600E78AC6 /* SceneDelegate.swift */; };
		044C0C1A26211DE800E78AC6 /* Assets.xcassets in Resources */ = {isa = PBXBuildFile; fileRef = 044C0C1926211DE800E78AC6 /* Assets.xcassets */; };
		044C0C1D26211DE800E78AC6 /* LaunchScreen.storyboard in Resources */ = {isa = PBXBuildFile; fileRef = 044C0C1B26211DE800E78AC6 /* LaunchScreen.storyboard */; };
		E52B2D1ECA6CC96B61AC8380 /* Pods_RxDataSourcesExample.framework in Frameworks */ = {isa = PBXBuildFile; fileRef = 1191DCE3630D889AECBF4DB9 /* Pods_RxDataSourcesExample.framework */; };
/* End PBXBuildFile section */

/* Begin PBXFileReference section */
		042E344E2622870400C16C82 /* Section.swift */ = {isa = PBXFileReference; fileEncoding = 4; lastKnownFileType = sourcecode.swift; path = Section.swift; sourceTree = "<group>"; };
		042E344F2622870400C16C82 /* Model.swift */ = {isa = PBXFileReference; fileEncoding = 4; lastKnownFileType = sourcecode.swift; path = Model.swift; sourceTree = "<group>"; };
		042E34512622870400C16C82 /* ViewController.swift */ = {isa = PBXFileReference; fileEncoding = 4; lastKnownFileType = sourcecode.swift; path = ViewController.swift; sourceTree = "<group>"; };
		042E34582622877000C16C82 /* AnimatedDataSource.swift */ = {isa = PBXFileReference; lastKnownFileType = sourcecode.swift; path = AnimatedDataSource.swift; sourceTree = "<group>"; };
		042E345F26228A1000C16C82 /* ViewModel.swift */ = {isa = PBXFileReference; lastKnownFileType = sourcecode.swift; path = ViewModel.swift; sourceTree = "<group>"; };
		042E346626228C1500C16C82 /* TableViewEditingCommand.swift */ = {isa = PBXFileReference; fileEncoding = 4; lastKnownFileType = sourcecode.swift; path = TableViewEditingCommand.swift; sourceTree = "<group>"; };
		042E346926228C5800C16C82 /* TableViewState.swift */ = {isa = PBXFileReference; lastKnownFileType = sourcecode.swift; path = TableViewState.swift; sourceTree = "<group>"; };
		044C0C0D26211DE600E78AC6 /* RxDataSourcesExample.app */ = {isa = PBXFileReference; explicitFileType = wrapper.application; includeInIndex = 0; path = RxDataSourcesExample.app; sourceTree = BUILT_PRODUCTS_DIR; };
		044C0C1026211DE600E78AC6 /* AppDelegate.swift */ = {isa = PBXFileReference; lastKnownFileType = sourcecode.swift; path = AppDelegate.swift; sourceTree = "<group>"; };
		044C0C1226211DE600E78AC6 /* SceneDelegate.swift */ = {isa = PBXFileReference; lastKnownFileType = sourcecode.swift; path = SceneDelegate.swift; sourceTree = "<group>"; };
		044C0C1926211DE800E78AC6 /* Assets.xcassets */ = {isa = PBXFileReference; lastKnownFileType = folder.assetcatalog; path = Assets.xcassets; sourceTree = "<group>"; };
		044C0C1C26211DE800E78AC6 /* Base */ = {isa = PBXFileReference; lastKnownFileType = file.storyboard; name = Base; path = Base.lproj/LaunchScreen.storyboard; sourceTree = "<group>"; };
		044C0C1E26211DE800E78AC6 /* Info.plist */ = {isa = PBXFileReference; lastKnownFileType = text.plist.xml; path = Info.plist; sourceTree = "<group>"; };
		1191DCE3630D889AECBF4DB9 /* Pods_RxDataSourcesExample.framework */ = {isa = PBXFileReference; explicitFileType = wrapper.framework; includeInIndex = 0; path = Pods_RxDataSourcesExample.framework; sourceTree = BUILT_PRODUCTS_DIR; };
		23C5528AF68A89C4C299E82B /* Pods-RxDataSourcesExample.debug.xcconfig */ = {isa = PBXFileReference; includeInIndex = 1; lastKnownFileType = text.xcconfig; name = "Pods-RxDataSourcesExample.debug.xcconfig"; path = "Target Support Files/Pods-RxDataSourcesExample/Pods-RxDataSourcesExample.debug.xcconfig"; sourceTree = "<group>"; };
		7C4EA0C15FAAF11845DA02DF /* Pods-RxDataSourcesExample.release.xcconfig */ = {isa = PBXFileReference; includeInIndex = 1; lastKnownFileType = text.xcconfig; name = "Pods-RxDataSourcesExample.release.xcconfig"; path = "Target Support Files/Pods-RxDataSourcesExample/Pods-RxDataSourcesExample.release.xcconfig"; sourceTree = "<group>"; };
/* End PBXFileReference section */

/* Begin PBXFrameworksBuildPhase section */
		044C0C0A26211DE600E78AC6 /* Frameworks */ = {
			isa = PBXFrameworksBuildPhase;
			buildActionMask = 2147483647;
			files = (
				E52B2D1ECA6CC96B61AC8380 /* Pods_RxDataSourcesExample.framework in Frameworks */,
			);
			runOnlyForDeploymentPostprocessing = 0;
		};
/* End PBXFrameworksBuildPhase section */

/* Begin PBXGroup section */
		042E344D2622870400C16C82 /* Model */ = {
			isa = PBXGroup;
			children = (
				042E344E2622870400C16C82 /* Section.swift */,
				042E344F2622870400C16C82 /* Model.swift */,
			);
			path = Model;
			sourceTree = "<group>";
		};
		042E34502622870400C16C82 /* ViewController */ = {
			isa = PBXGroup;
			children = (
				042E34512622870400C16C82 /* ViewController.swift */,
			);
			path = ViewController;
			sourceTree = "<group>";
		};
		042E34522622870400C16C82 /* DataSource */ = {
			isa = PBXGroup;
			children = (
				042E34582622877000C16C82 /* AnimatedDataSource.swift */,
			);
			path = DataSource;
			sourceTree = "<group>";
		};
		042E34532622870400C16C82 /* ViewModel */ = {
			isa = PBXGroup;
			children = (
				042E345F26228A1000C16C82 /* ViewModel.swift */,
			);
			path = ViewModel;
			sourceTree = "<group>";
		};
		042E346526228C1500C16C82 /* ViewState */ = {
			isa = PBXGroup;
			children = (
				042E346626228C1500C16C82 /* TableViewEditingCommand.swift */,
				042E346926228C5800C16C82 /* TableViewState.swift */,
			);
			path = ViewState;
			sourceTree = "<group>";
		};
		044C0C0426211DE600E78AC6 = {
			isa = PBXGroup;
			children = (
				044C0C0F26211DE600E78AC6 /* RxDataSourcesExample */,
				044C0C0E26211DE600E78AC6 /* Products */,
				9F46ABEE6F9175EBF100F320 /* Pods */,
				A3124EB9F3DB08512835369C /* Frameworks */,
			);
			sourceTree = "<group>";
		};
		044C0C0E26211DE600E78AC6 /* Products */ = {
			isa = PBXGroup;
			children = (
				044C0C0D26211DE600E78AC6 /* RxDataSourcesExample.app */,
			);
			name = Products;
			sourceTree = "<group>";
		};
		044C0C0F26211DE600E78AC6 /* RxDataSourcesExample */ = {
			isa = PBXGroup;
			children = (
				044C0C1026211DE600E78AC6 /* AppDelegate.swift */,
				044C0C1226211DE600E78AC6 /* SceneDelegate.swift */,
				042E346526228C1500C16C82 /* ViewState */,
				042E34522622870400C16C82 /* DataSource */,
				042E344D2622870400C16C82 /* Model */,
				042E34502622870400C16C82 /* ViewController */,
				042E34532622870400C16C82 /* ViewModel */,
				044C0C1926211DE800E78AC6 /* Assets.xcassets */,
				044C0C1B26211DE800E78AC6 /* LaunchScreen.storyboard */,
				044C0C1E26211DE800E78AC6 /* Info.plist */,
			);
			path = RxDataSourcesExample;
			sourceTree = "<group>";
		};
		9F46ABEE6F9175EBF100F320 /* Pods */ = {
			isa = PBXGroup;
			children = (
				23C5528AF68A89C4C299E82B /* Pods-RxDataSourcesExample.debug.xcconfig */,
				7C4EA0C15FAAF11845DA02DF /* Pods-RxDataSourcesExample.release.xcconfig */,
			);
			path = Pods;
			sourceTree = "<group>";
		};
		A3124EB9F3DB08512835369C /* Frameworks */ = {
			isa = PBXGroup;
			children = (
				1191DCE3630D889AECBF4DB9 /* Pods_RxDataSourcesExample.framework */,
			);
			name = Frameworks;
			sourceTree = "<group>";
		};
/* End PBXGroup section */

/* Begin PBXNativeTarget section */
		044C0C0C26211DE600E78AC6 /* RxDataSourcesExample */ = {
			isa = PBXNativeTarget;
			buildConfigurationList = 044C0C2126211DE800E78AC6 /* Build configuration list for PBXNativeTarget "RxDataSourcesExample" */;
			buildPhases = (
				C13A72AB88766ED8EBD2DFE7 /* [CP] Check Pods Manifest.lock */,
				044C0C0926211DE600E78AC6 /* Sources */,
				044C0C0A26211DE600E78AC6 /* Frameworks */,
				044C0C0B26211DE600E78AC6 /* Resources */,
				2F2FCDFFAEE9E8D2CBF7573B /* [CP] Embed Pods Frameworks */,
			);
			buildRules = (
			);
			dependencies = (
			);
			name = RxDataSourcesExample;
			productName = RxDataSourcesExample;
			productReference = 044C0C0D26211DE600E78AC6 /* RxDataSourcesExample.app */;
			productType = "com.apple.product-type.application";
		};
/* End PBXNativeTarget section */

/* Begin PBXProject section */
		044C0C0526211DE600E78AC6 /* Project object */ = {
			isa = PBXProject;
			attributes = {
				LastSwiftUpdateCheck = 1240;
				LastUpgradeCheck = 1240;
				TargetAttributes = {
					044C0C0C26211DE600E78AC6 = {
						CreatedOnToolsVersion = 12.4;
					};
				};
			};
			buildConfigurationList = 044C0C0826211DE600E78AC6 /* Build configuration list for PBXProject "RxDataSourcesExample" */;
			compatibilityVersion = "Xcode 9.3";
			developmentRegion = en;
			hasScannedForEncodings = 0;
			knownRegions = (
				en,
				Base,
			);
			mainGroup = 044C0C0426211DE600E78AC6;
			productRefGroup = 044C0C0E26211DE600E78AC6 /* Products */;
			projectDirPath = "";
			projectRoot = "";
			targets = (
				044C0C0C26211DE600E78AC6 /* RxDataSourcesExample */,
			);
		};
/* End PBXProject section */

/* Begin PBXResourcesBuildPhase section */
		044C0C0B26211DE600E78AC6 /* Resources */ = {
			isa = PBXResourcesBuildPhase;
			buildActionMask = 2147483647;
			files = (
				044C0C1D26211DE800E78AC6 /* LaunchScreen.storyboard in Resources */,
				044C0C1A26211DE800E78AC6 /* Assets.xcassets in Resources */,
			);
			runOnlyForDeploymentPostprocessing = 0;
		};
/* End PBXResourcesBuildPhase section */

/* Begin PBXShellScriptBuildPhase section */
		2F2FCDFFAEE9E8D2CBF7573B /* [CP] Embed Pods Frameworks */ = {
			isa = PBXShellScriptBuildPhase;
			buildActionMask = 2147483647;
			files = (
			);
			inputFileListPaths = (
				"${PODS_ROOT}/Target Support Files/Pods-RxDataSourcesExample/Pods-RxDataSourcesExample-frameworks-${CONFIGURATION}-input-files.xcfilelist",
			);
			name = "[CP] Embed Pods Frameworks";
			outputFileListPaths = (
				"${PODS_ROOT}/Target Support Files/Pods-RxDataSourcesExample/Pods-RxDataSourcesExample-frameworks-${CONFIGURATION}-output-files.xcfilelist",
			);
			runOnlyForDeploymentPostprocessing = 0;
			shellPath = /bin/sh;
			shellScript = "\"${PODS_ROOT}/Target Support Files/Pods-RxDataSourcesExample/Pods-RxDataSourcesExample-frameworks.sh\"\n";
			showEnvVarsInLog = 0;
		};
		C13A72AB88766ED8EBD2DFE7 /* [CP] Check Pods Manifest.lock */ = {
			isa = PBXShellScriptBuildPhase;
			buildActionMask = 2147483647;
			files = (
			);
			inputFileListPaths = (
			);
			inputPaths = (
				"${PODS_PODFILE_DIR_PATH}/Podfile.lock",
				"${PODS_ROOT}/Manifest.lock",
			);
			name = "[CP] Check Pods Manifest.lock";
			outputFileListPaths = (
			);
			outputPaths = (
				"$(DERIVED_FILE_DIR)/Pods-RxDataSourcesExample-checkManifestLockResult.txt",
			);
			runOnlyForDeploymentPostprocessing = 0;
			shellPath = /bin/sh;
			shellScript = "diff \"${PODS_PODFILE_DIR_PATH}/Podfile.lock\" \"${PODS_ROOT}/Manifest.lock\" > /dev/null\nif [ $? != 0 ] ; then\n    # print error to STDERR\n    echo \"error: The sandbox is not in sync with the Podfile.lock. Run 'pod install' or update your CocoaPods installation.\" >&2\n    exit 1\nfi\n# This output is used by Xcode 'outputs' to avoid re-running this script phase.\necho \"SUCCESS\" > \"${SCRIPT_OUTPUT_FILE_0}\"\n";
			showEnvVarsInLog = 0;
		};
/* End PBXShellScriptBuildPhase section */

/* Begin PBXSourcesBuildPhase section */
		044C0C0926211DE600E78AC6 /* Sources */ = {
			isa = PBXSourcesBuildPhase;
			buildActionMask = 2147483647;
			files = (
				042E34592622877000C16C82 /* AnimatedDataSource.swift in Sources */,
				042E34552622870400C16C82 /* Model.swift in Sources */,
				042E346A26228C5800C16C82 /* TableViewState.swift in Sources */,
				042E34562622870400C16C82 /* ViewController.swift in Sources */,
				042E34542622870400C16C82 /* Section.swift in Sources */,
				044C0C1126211DE600E78AC6 /* AppDelegate.swift in Sources */,
				044C0C1326211DE600E78AC6 /* SceneDelegate.swift in Sources */,
				042E346726228C1500C16C82 /* TableViewEditingCommand.swift in Sources */,
				042E346026228A1000C16C82 /* ViewModel.swift in Sources */,
			);
			runOnlyForDeploymentPostprocessing = 0;
		};
/* End PBXSourcesBuildPhase section */

/* Begin PBXVariantGroup section */
		044C0C1B26211DE800E78AC6 /* LaunchScreen.storyboard */ = {
			isa = PBXVariantGroup;
			children = (
				044C0C1C26211DE800E78AC6 /* Base */,
			);
			name = LaunchScreen.storyboard;
			sourceTree = "<group>";
		};
/* End PBXVariantGroup section */

/* Begin XCBuildConfiguration section */
		044C0C1F26211DE800E78AC6 /* Debug */ = {
			isa = XCBuildConfiguration;
			buildSettings = {
				ALWAYS_SEARCH_USER_PATHS = NO;
				CLANG_ANALYZER_NONNULL = YES;
				CLANG_ANALYZER_NUMBER_OBJECT_CONVERSION = YES_AGGRESSIVE;
				CLANG_CXX_LANGUAGE_STANDARD = "gnu++14";
				CLANG_CXX_LIBRARY = "libc++";
				CLANG_ENABLE_MODULES = YES;
				CLANG_ENABLE_OBJC_ARC = YES;
				CLANG_ENABLE_OBJC_WEAK = YES;
				CLANG_WARN_BLOCK_CAPTURE_AUTORELEASING = YES;
				CLANG_WARN_BOOL_CONVERSION = YES;
				CLANG_WARN_COMMA = YES;
				CLANG_WARN_CONSTANT_CONVERSION = YES;
				CLANG_WARN_DEPRECATED_OBJC_IMPLEMENTATIONS = YES;
				CLANG_WARN_DIRECT_OBJC_ISA_USAGE = YES_ERROR;
				CLANG_WARN_DOCUMENTATION_COMMENTS = YES;
				CLANG_WARN_EMPTY_BODY = YES;
				CLANG_WARN_ENUM_CONVERSION = YES;
				CLANG_WARN_INFINITE_RECURSION = YES;
				CLANG_WARN_INT_CONVERSION = YES;
				CLANG_WARN_NON_LITERAL_NULL_CONVERSION = YES;
				CLANG_WARN_OBJC_IMPLICIT_RETAIN_SELF = YES;
				CLANG_WARN_OBJC_LITERAL_CONVERSION = YES;
				CLANG_WARN_OBJC_ROOT_CLASS = YES_ERROR;
				CLANG_WARN_QUOTED_INCLUDE_IN_FRAMEWORK_HEADER = YES;
				CLANG_WARN_RANGE_LOOP_ANALYSIS = YES;
				CLANG_WARN_STRICT_PROTOTYPES = YES;
				CLANG_WARN_SUSPICIOUS_MOVE = YES;
				CLANG_WARN_UNGUARDED_AVAILABILITY = YES_AGGRESSIVE;
				CLANG_WARN_UNREACHABLE_CODE = YES;
				CLANG_WARN__DUPLICATE_METHOD_MATCH = YES;
				COPY_PHASE_STRIP = NO;
				DEBUG_INFORMATION_FORMAT = dwarf;
				ENABLE_STRICT_OBJC_MSGSEND = YES;
				ENABLE_TESTABILITY = YES;
				GCC_C_LANGUAGE_STANDARD = gnu11;
				GCC_DYNAMIC_NO_PIC = NO;
				GCC_NO_COMMON_BLOCKS = YES;
				GCC_OPTIMIZATION_LEVEL = 0;
				GCC_PREPROCESSOR_DEFINITIONS = (
					"DEBUG=1",
					"$(inherited)",
				);
				GCC_WARN_64_TO_32_BIT_CONVERSION = YES;
				GCC_WARN_ABOUT_RETURN_TYPE = YES_ERROR;
				GCC_WARN_UNDECLARED_SELECTOR = YES;
				GCC_WARN_UNINITIALIZED_AUTOS = YES_AGGRESSIVE;
				GCC_WARN_UNUSED_FUNCTION = YES;
				GCC_WARN_UNUSED_VARIABLE = YES;
				IPHONEOS_DEPLOYMENT_TARGET = 14.4;
				MTL_ENABLE_DEBUG_INFO = INCLUDE_SOURCE;
				MTL_FAST_MATH = YES;
				ONLY_ACTIVE_ARCH = YES;
				SDKROOT = iphoneos;
				SWIFT_ACTIVE_COMPILATION_CONDITIONS = DEBUG;
				SWIFT_OPTIMIZATION_LEVEL = "-Onone";
			};
			name = Debug;
		};
		044C0C2026211DE800E78AC6 /* Release */ = {
			isa = XCBuildConfiguration;
			buildSettings = {
				ALWAYS_SEARCH_USER_PATHS = NO;
				CLANG_ANALYZER_NONNULL = YES;
				CLANG_ANALYZER_NUMBER_OBJECT_CONVERSION = YES_AGGRESSIVE;
				CLANG_CXX_LANGUAGE_STANDARD = "gnu++14";
				CLANG_CXX_LIBRARY = "libc++";
				CLANG_ENABLE_MODULES = YES;
				CLANG_ENABLE_OBJC_ARC = YES;
				CLANG_ENABLE_OBJC_WEAK = YES;
				CLANG_WARN_BLOCK_CAPTURE_AUTORELEASING = YES;
				CLANG_WARN_BOOL_CONVERSION = YES;
				CLANG_WARN_COMMA = YES;
				CLANG_WARN_CONSTANT_CONVERSION = YES;
				CLANG_WARN_DEPRECATED_OBJC_IMPLEMENTATIONS = YES;
				CLANG_WARN_DIRECT_OBJC_ISA_USAGE = YES_ERROR;
				CLANG_WARN_DOCUMENTATION_COMMENTS = YES;
				CLANG_WARN_EMPTY_BODY = YES;
				CLANG_WARN_ENUM_CONVERSION = YES;
				CLANG_WARN_INFINITE_RECURSION = YES;
				CLANG_WARN_INT_CONVERSION = YES;
				CLANG_WARN_NON_LITERAL_NULL_CONVERSION = YES;
				CLANG_WARN_OBJC_IMPLICIT_RETAIN_SELF = YES;
				CLANG_WARN_OBJC_LITERAL_CONVERSION = YES;
				CLANG_WARN_OBJC_ROOT_CLASS = YES_ERROR;
				CLANG_WARN_QUOTED_INCLUDE_IN_FRAMEWORK_HEADER = YES;
				CLANG_WARN_RANGE_LOOP_ANALYSIS = YES;
				CLANG_WARN_STRICT_PROTOTYPES = YES;
				CLANG_WARN_SUSPICIOUS_MOVE = YES;
				CLANG_WARN_UNGUARDED_AVAILABILITY = YES_AGGRESSIVE;
				CLANG_WARN_UNREACHABLE_CODE = YES;
				CLANG_WARN__DUPLICATE_METHOD_MATCH = YES;
				COPY_PHASE_STRIP = NO;
				DEBUG_INFORMATION_FORMAT = "dwarf-with-dsym";
				ENABLE_NS_ASSERTIONS = NO;
				ENABLE_STRICT_OBJC_MSGSEND = YES;
				GCC_C_LANGUAGE_STANDARD = gnu11;
				GCC_NO_COMMON_BLOCKS = YES;
				GCC_WARN_64_TO_32_BIT_CONVERSION = YES;
				GCC_WARN_ABOUT_RETURN_TYPE = YES_ERROR;
				GCC_WARN_UNDECLARED_SELECTOR = YES;
				GCC_WARN_UNINITIALIZED_AUTOS = YES_AGGRESSIVE;
				GCC_WARN_UNUSED_FUNCTION = YES;
				GCC_WARN_UNUSED_VARIABLE = YES;
				IPHONEOS_DEPLOYMENT_TARGET = 14.4;
				MTL_ENABLE_DEBUG_INFO = NO;
				MTL_FAST_MATH = YES;
				SDKROOT = iphoneos;
				SWIFT_COMPILATION_MODE = wholemodule;
				SWIFT_OPTIMIZATION_LEVEL = "-O";
				VALIDATE_PRODUCT = YES;
			};
			name = Release;
		};
		044C0C2226211DE800E78AC6 /* Debug */ = {
			isa = XCBuildConfiguration;
			baseConfigurationReference = 23C5528AF68A89C4C299E82B /* Pods-RxDataSourcesExample.debug.xcconfig */;
			buildSettings = {
				ASSETCATALOG_COMPILER_APPICON_NAME = AppIcon;
				ASSETCATALOG_COMPILER_GLOBAL_ACCENT_COLOR_NAME = AccentColor;
				CODE_SIGN_STYLE = Automatic;
				INFOPLIST_FILE = RxDataSourcesExample/Info.plist;
				LD_RUNPATH_SEARCH_PATHS = (
					"$(inherited)",
					"@executable_path/Frameworks",
				);
				PRODUCT_BUNDLE_IDENTIFIER = weilunsu.RxDataSourcesExample;
				PRODUCT_NAME = "$(TARGET_NAME)";
				SWIFT_VERSION = 5.0;
				TARGETED_DEVICE_FAMILY = "1,2";
			};
			name = Debug;
		};
		044C0C2326211DE800E78AC6 /* Release */ = {
			isa = XCBuildConfiguration;
			baseConfigurationReference = 7C4EA0C15FAAF11845DA02DF /* Pods-RxDataSourcesExample.release.xcconfig */;
			buildSettings = {
				ASSETCATALOG_COMPILER_APPICON_NAME = AppIcon;
				ASSETCATALOG_COMPILER_GLOBAL_ACCENT_COLOR_NAME = AccentColor;
				CODE_SIGN_STYLE = Automatic;
				INFOPLIST_FILE = RxDataSourcesExample/Info.plist;
				LD_RUNPATH_SEARCH_PATHS = (
					"$(inherited)",
					"@executable_path/Frameworks",
				);
				PRODUCT_BUNDLE_IDENTIFIER = weilunsu.RxDataSourcesExample;
				PRODUCT_NAME = "$(TARGET_NAME)";
				SWIFT_VERSION = 5.0;
				TARGETED_DEVICE_FAMILY = "1,2";
			};
			name = Release;
		};
/* End XCBuildConfiguration section */

/* Begin XCConfigurationList section */
		044C0C0826211DE600E78AC6 /* Build configuration list for PBXProject "RxDataSourcesExample" */ = {
			isa = XCConfigurationList;
			buildConfigurations = (
				044C0C1F26211DE800E78AC6 /* Debug */,
				044C0C2026211DE800E78AC6 /* Release */,
			);
			defaultConfigurationIsVisible = 0;
			defaultConfigurationName = Release;
		};
		044C0C2126211DE800E78AC6 /* Build configuration list for PBXNativeTarget "RxDataSourcesExample" */ = {
			isa = XCConfigurationList;
			buildConfigurations = (
				044C0C2226211DE800E78AC6 /* Debug */,
				044C0C2326211DE800E78AC6 /* Release */,
			);
			defaultConfigurationIsVisible = 0;
			defaultConfigurationName = Release;
		};
/* End XCConfigurationList section */
	};
	rootObject = 044C0C0526211DE600E78AC6 /* Project object */;
}
